// !$*UTF8*$!
{
	archiveVersion = 1;
	classes = {
	};
	objectVersion = 55;
	objects = {

/* Begin PBXBuildFile section */
		8F1FD29927EAB803001B880E /* ChatTableViewCell.swift in Sources */ = {isa = PBXBuildFile; fileRef = 8F1FD29827EAB803001B880E /* ChatTableViewCell.swift */; };
		8F4F18A327EDE1B500F1BF19 /* SecoundViewController.swift in Sources */ = {isa = PBXBuildFile; fileRef = 8F4F18A227EDE1B500F1BF19 /* SecoundViewController.swift */; };
		8F4F18A527EE2FA100F1BF19 /* ThirdViewController.swift in Sources */ = {isa = PBXBuildFile; fileRef = 8F4F18A427EE2FA100F1BF19 /* ThirdViewController.swift */; };
		8FBD6EAB27EA9DE20029CB31 /* AppDelegate.swift in Sources */ = {isa = PBXBuildFile; fileRef = 8FBD6EAA27EA9DE20029CB31 /* AppDelegate.swift */; };
		8FBD6EAD27EA9DE20029CB31 /* SceneDelegate.swift in Sources */ = {isa = PBXBuildFile; fileRef = 8FBD6EAC27EA9DE20029CB31 /* SceneDelegate.swift */; };
		8FBD6EAF27EA9DE20029CB31 /* HomeViewController.swift in Sources */ = {isa = PBXBuildFile; fileRef = 8FBD6EAE27EA9DE20029CB31 /* HomeViewController.swift */; };
		8FBD6EB427EA9DE40029CB31 /* Assets.xcassets in Resources */ = {isa = PBXBuildFile; fileRef = 8FBD6EB327EA9DE40029CB31 /* Assets.xcassets */; };
		8FBD6EB727EA9DE40029CB31 /* LaunchScreen.storyboard in Resources */ = {isa = PBXBuildFile; fileRef = 8FBD6EB527EA9DE40029CB31 /* LaunchScreen.storyboard */; };
		9F30CD7927EE80B200A90FF7 /* Profile.swift in Sources */ = {isa = PBXBuildFile; fileRef = 9F30CD7827EE80B200A90FF7 /* Profile.swift */; };
		9F30CD7B27EE818A00A90FF7 /* Friend.swift in Sources */ = {isa = PBXBuildFile; fileRef = 9F30CD7A27EE818A00A90FF7 /* Friend.swift */; };
		9F30CD7E27EE81EE00A90FF7 /* ApiService.swift in Sources */ = {isa = PBXBuildFile; fileRef = 9F30CD7D27EE81EE00A90FF7 /* ApiService.swift */; };
		9F30CD8127EE823700A90FF7 /* Alamofire in Frameworks */ = {isa = PBXBuildFile; productRef = 9F30CD8027EE823700A90FF7 /* Alamofire */; };
		9F30CD8427EE99AD00A90FF7 /* Kingfisher in Frameworks */ = {isa = PBXBuildFile; productRef = 9F30CD8327EE99AD00A90FF7 /* Kingfisher */; };
		9F30CD8D27F1113B00A90FF7 /* UIImageView+Extensions.swift in Sources */ = {isa = PBXBuildFile; fileRef = 9F30CD8C27F1113B00A90FF7 /* UIImageView+Extensions.swift */; };
/* End PBXBuildFile section */

/* Begin PBXFileReference section */
		8F1FD29827EAB803001B880E /* ChatTableViewCell.swift */ = {isa = PBXFileReference; lastKnownFileType = sourcecode.swift; path = ChatTableViewCell.swift; sourceTree = "<group>"; };
		8F4F18A227EDE1B500F1BF19 /* SecoundViewController.swift */ = {isa = PBXFileReference; lastKnownFileType = sourcecode.swift; path = SecoundViewController.swift; sourceTree = "<group>"; };
		8F4F18A427EE2FA100F1BF19 /* ThirdViewController.swift */ = {isa = PBXFileReference; lastKnownFileType = sourcecode.swift; path = ThirdViewController.swift; sourceTree = "<group>"; };
		8FBD6EA727EA9DE20029CB31 /* WhatsappHomeScreen.app */ = {isa = PBXFileReference; explicitFileType = wrapper.application; includeInIndex = 0; path = WhatsappHomeScreen.app; sourceTree = BUILT_PRODUCTS_DIR; };
		8FBD6EAA27EA9DE20029CB31 /* AppDelegate.swift */ = {isa = PBXFileReference; lastKnownFileType = sourcecode.swift; path = AppDelegate.swift; sourceTree = "<group>"; };
		8FBD6EAC27EA9DE20029CB31 /* SceneDelegate.swift */ = {isa = PBXFileReference; lastKnownFileType = sourcecode.swift; path = SceneDelegate.swift; sourceTree = "<group>"; };
		8FBD6EAE27EA9DE20029CB31 /* HomeViewController.swift */ = {isa = PBXFileReference; lastKnownFileType = sourcecode.swift; path = HomeViewController.swift; sourceTree = "<group>"; };
		8FBD6EB327EA9DE40029CB31 /* Assets.xcassets */ = {isa = PBXFileReference; lastKnownFileType = folder.assetcatalog; path = Assets.xcassets; sourceTree = "<group>"; };
		8FBD6EB627EA9DE40029CB31 /* Base */ = {isa = PBXFileReference; lastKnownFileType = file.storyboard; name = Base; path = Base.lproj/LaunchScreen.storyboard; sourceTree = "<group>"; };
		8FBD6EB827EA9DE40029CB31 /* Info.plist */ = {isa = PBXFileReference; lastKnownFileType = text.plist.xml; path = Info.plist; sourceTree = "<group>"; };
		9F30CD7827EE80B200A90FF7 /* Profile.swift */ = {isa = PBXFileReference; lastKnownFileType = sourcecode.swift; path = Profile.swift; sourceTree = "<group>"; };
		9F30CD7A27EE818A00A90FF7 /* Friend.swift */ = {isa = PBXFileReference; lastKnownFileType = sourcecode.swift; path = Friend.swift; sourceTree = "<group>"; };
		9F30CD7D27EE81EE00A90FF7 /* ApiService.swift */ = {isa = PBXFileReference; lastKnownFileType = sourcecode.swift; path = ApiService.swift; sourceTree = "<group>"; };
		9F30CD8C27F1113B00A90FF7 /* UIImageView+Extensions.swift */ = {isa = PBXFileReference; lastKnownFileType = sourcecode.swift; name = "UIImageView+Extensions.swift"; path = "../../../WhatsappHomeScreen/Application/Extensions/UIImageView+Extensions.swift"; sourceTree = "<group>"; };
/* End PBXFileReference section */

/* Begin PBXFrameworksBuildPhase section */
		8FBD6EA427EA9DE20029CB31 /* Frameworks */ = {
			isa = PBXFrameworksBuildPhase;
			buildActionMask = 2147483647;
			files = (
				9F30CD8427EE99AD00A90FF7 /* Kingfisher in Frameworks */,
				9F30CD8127EE823700A90FF7 /* Alamofire in Frameworks */,
			);
			runOnlyForDeploymentPostprocessing = 0;
		};
/* End PBXFrameworksBuildPhase section */

/* Begin PBXGroup section */
		8F4F18A627EE301400F1BF19 /* Scene */ = {
			isa = PBXGroup;
			children = (
				8F4F18A927EE306200F1BF19 /* Third */,
				8F4F18A727EE301900F1BF19 /* Home */,
				8F4F18A827EE302000F1BF19 /* Secound */,
			);
			path = Scene;
			sourceTree = "<group>";
		};
		8F4F18A727EE301900F1BF19 /* Home */ = {
			isa = PBXGroup;
			children = (
				9F30CD8E27F111BC00A90FF7 /* Cell */,
				8FBD6EAE27EA9DE20029CB31 /* HomeViewController.swift */,
			);
			path = Home;
			sourceTree = "<group>";
		};
		8F4F18A827EE302000F1BF19 /* Secound */ = {
			isa = PBXGroup;
			children = (
				8F4F18A227EDE1B500F1BF19 /* SecoundViewController.swift */,
			);
			path = Secound;
			sourceTree = "<group>";
		};
		8F4F18A927EE306200F1BF19 /* Third */ = {
			isa = PBXGroup;
			children = (
				8F4F18A427EE2FA100F1BF19 /* ThirdViewController.swift */,
			);
			path = Third;
			sourceTree = "<group>";
		};
		8FBD6E9E27EA9DE20029CB31 = {
			isa = PBXGroup;
			children = (
				8FBD6EA927EA9DE20029CB31 /* Application */,
				8FBD6EA827EA9DE20029CB31 /* Products */,
			);
			sourceTree = "<group>";
		};
		8FBD6EA827EA9DE20029CB31 /* Products */ = {
			isa = PBXGroup;
			children = (
				8FBD6EA727EA9DE20029CB31 /* WhatsappHomeScreen.app */,
			);
			name = Products;
			sourceTree = "<group>";
		};
		8FBD6EA927EA9DE20029CB31 /* Application */ = {
			isa = PBXGroup;
			children = (
				9F30CD8B27F1112B00A90FF7 /* Extensions */,
				9F30CD7C27EE81E000A90FF7 /* Service */,
				9F30CD7627EE808F00A90FF7 /* Models */,
				8F4F18A627EE301400F1BF19 /* Scene */,
				8FBD6EAA27EA9DE20029CB31 /* AppDelegate.swift */,
				8FBD6EAC27EA9DE20029CB31 /* SceneDelegate.swift */,
				8FBD6EB327EA9DE40029CB31 /* Assets.xcassets */,
				8FBD6EB527EA9DE40029CB31 /* LaunchScreen.storyboard */,
				8FBD6EB827EA9DE40029CB31 /* Info.plist */,
			);
			path = Application;
			sourceTree = "<group>";
		};
		9F30CD7627EE808F00A90FF7 /* Models */ = {
			isa = PBXGroup;
			children = (
				9F30CD7827EE80B200A90FF7 /* Profile.swift */,
				9F30CD7A27EE818A00A90FF7 /* Friend.swift */,
			);
			path = Models;
			sourceTree = "<group>";
		};
		9F30CD7C27EE81E000A90FF7 /* Service */ = {
			isa = PBXGroup;
			children = (
				9F30CD7D27EE81EE00A90FF7 /* ApiService.swift */,
			);
			path = Service;
			sourceTree = "<group>";
		};
		9F30CD8B27F1112B00A90FF7 /* Extensions */ = {
			isa = PBXGroup;
			children = (
				9F30CD8C27F1113B00A90FF7 /* UIImageView+Extensions.swift */,
			);
			path = Extensions;
			sourceTree = "<group>";
		};
		9F30CD8E27F111BC00A90FF7 /* Cell */ = {
			isa = PBXGroup;
			children = (
				8F1FD29827EAB803001B880E /* ChatTableViewCell.swift */,
			);
			path = Cell;
			sourceTree = "<group>";
		};
/* End PBXGroup section */

/* Begin PBXNativeTarget section */
		8FBD6EA627EA9DE20029CB31 /* WhatsappHomeScreen */ = {
			isa = PBXNativeTarget;
			buildConfigurationList = 8FBD6EBB27EA9DE40029CB31 /* Build configuration list for PBXNativeTarget "WhatsappHomeScreen" */;
			buildPhases = (
				8FBD6EA327EA9DE20029CB31 /* Sources */,
				8FBD6EA427EA9DE20029CB31 /* Frameworks */,
				8FBD6EA527EA9DE20029CB31 /* Resources */,
			);
			buildRules = (
			);
			dependencies = (
			);
			name = WhatsappHomeScreen;
			packageProductDependencies = (
				9F30CD8027EE823700A90FF7 /* Alamofire */,
				9F30CD8327EE99AD00A90FF7 /* Kingfisher */,
			);
			productName = ViewCode;
			productReference = 8FBD6EA727EA9DE20029CB31 /* WhatsappHomeScreen.app */;
			productType = "com.apple.product-type.application";
		};
/* End PBXNativeTarget section */

/* Begin PBXProject section */
		8FBD6E9F27EA9DE20029CB31 /* Project object */ = {
			isa = PBXProject;
			attributes = {
				BuildIndependentTargetsInParallel = 1;
				LastSwiftUpdateCheck = 1330;
				LastUpgradeCheck = 1330;
				TargetAttributes = {
					8FBD6EA627EA9DE20029CB31 = {
						CreatedOnToolsVersion = 13.3;
					};
				};
			};
			buildConfigurationList = 8FBD6EA227EA9DE20029CB31 /* Build configuration list for PBXProject "WhatsappHomeScreen" */;
			compatibilityVersion = "Xcode 13.0";
			developmentRegion = en;
			hasScannedForEncodings = 0;
			knownRegions = (
				en,
				Base,
			);
			mainGroup = 8FBD6E9E27EA9DE20029CB31;
			packageReferences = (
				9F30CD7F27EE823700A90FF7 /* XCRemoteSwiftPackageReference "Alamofire" */,
				9F30CD8227EE99AD00A90FF7 /* XCRemoteSwiftPackageReference "Kingfisher" */,
			);
			productRefGroup = 8FBD6EA827EA9DE20029CB31 /* Products */;
			projectDirPath = "";
			projectRoot = "";
			targets = (
				8FBD6EA627EA9DE20029CB31 /* WhatsappHomeScreen */,
			);
		};
/* End PBXProject section */

/* Begin PBXResourcesBuildPhase section */
		8FBD6EA527EA9DE20029CB31 /* Resources */ = {
			isa = PBXResourcesBuildPhase;
			buildActionMask = 2147483647;
			files = (
				8FBD6EB727EA9DE40029CB31 /* LaunchScreen.storyboard in Resources */,
				8FBD6EB427EA9DE40029CB31 /* Assets.xcassets in Resources */,
			);
			runOnlyForDeploymentPostprocessing = 0;
		};
/* End PBXResourcesBuildPhase section */

/* Begin PBXSourcesBuildPhase section */
		8FBD6EA327EA9DE20029CB31 /* Sources */ = {
			isa = PBXSourcesBuildPhase;
			buildActionMask = 2147483647;
			files = (
				9F30CD8D27F1113B00A90FF7 /* UIImageView+Extensions.swift in Sources */,
				8FBD6EAF27EA9DE20029CB31 /* HomeViewController.swift in Sources */,
				8FBD6EAB27EA9DE20029CB31 /* AppDelegate.swift in Sources */,
				8F4F18A327EDE1B500F1BF19 /* SecoundViewController.swift in Sources */,
				9F30CD7B27EE818A00A90FF7 /* Friend.swift in Sources */,
				8F1FD29927EAB803001B880E /* ChatTableViewCell.swift in Sources */,
				9F30CD7E27EE81EE00A90FF7 /* ApiService.swift in Sources */,
				8F4F18A527EE2FA100F1BF19 /* ThirdViewController.swift in Sources */,
				8FBD6EAD27EA9DE20029CB31 /* SceneDelegate.swift in Sources */,
				9F30CD7927EE80B200A90FF7 /* Profile.swift in Sources */,
			);
			runOnlyForDeploymentPostprocessing = 0;
		};
/* End PBXSourcesBuildPhase section */

/* Begin PBXVariantGroup section */
		8FBD6EB527EA9DE40029CB31 /* LaunchScreen.storyboard */ = {
			isa = PBXVariantGroup;
			children = (
				8FBD6EB627EA9DE40029CB31 /* Base */,
			);
			name = LaunchScreen.storyboard;
			sourceTree = "<group>";
		};
/* End PBXVariantGroup section */

/* Begin XCBuildConfiguration section */
		8FBD6EB927EA9DE40029CB31 /* Debug */ = {
			isa = XCBuildConfiguration;
			buildSettings = {
				ALWAYS_SEARCH_USER_PATHS = NO;
				CLANG_ANALYZER_NONNULL = YES;
				CLANG_ANALYZER_NUMBER_OBJECT_CONVERSION = YES_AGGRESSIVE;
				CLANG_CXX_LANGUAGE_STANDARD = "gnu++17";
				CLANG_ENABLE_MODULES = YES;
				CLANG_ENABLE_OBJC_ARC = YES;
				CLANG_ENABLE_OBJC_WEAK = YES;
				CLANG_WARN_BLOCK_CAPTURE_AUTORELEASING = YES;
				CLANG_WARN_BOOL_CONVERSION = YES;
				CLANG_WARN_COMMA = YES;
				CLANG_WARN_CONSTANT_CONVERSION = YES;
				CLANG_WARN_DEPRECATED_OBJC_IMPLEMENTATIONS = YES;
				CLANG_WARN_DIRECT_OBJC_ISA_USAGE = YES_ERROR;
				CLANG_WARN_DOCUMENTATION_COMMENTS = YES;
				CLANG_WARN_EMPTY_BODY = YES;
				CLANG_WARN_ENUM_CONVERSION = YES;
				CLANG_WARN_INFINITE_RECURSION = YES;
				CLANG_WARN_INT_CONVERSION = YES;
				CLANG_WARN_NON_LITERAL_NULL_CONVERSION = YES;
				CLANG_WARN_OBJC_IMPLICIT_RETAIN_SELF = YES;
				CLANG_WARN_OBJC_LITERAL_CONVERSION = YES;
				CLANG_WARN_OBJC_ROOT_CLASS = YES_ERROR;
				CLANG_WARN_QUOTED_INCLUDE_IN_FRAMEWORK_HEADER = YES;
				CLANG_WARN_RANGE_LOOP_ANALYSIS = YES;
				CLANG_WARN_STRICT_PROTOTYPES = YES;
				CLANG_WARN_SUSPICIOUS_MOVE = YES;
				CLANG_WARN_UNGUARDED_AVAILABILITY = YES_AGGRESSIVE;
				CLANG_WARN_UNREACHABLE_CODE = YES;
				CLANG_WARN__DUPLICATE_METHOD_MATCH = YES;
				COPY_PHASE_STRIP = NO;
				DEBUG_INFORMATION_FORMAT = dwarf;
				ENABLE_STRICT_OBJC_MSGSEND = YES;
				ENABLE_TESTABILITY = YES;
				GCC_C_LANGUAGE_STANDARD = gnu11;
				GCC_DYNAMIC_NO_PIC = NO;
				GCC_NO_COMMON_BLOCKS = YES;
				GCC_OPTIMIZATION_LEVEL = 0;
				GCC_PREPROCESSOR_DEFINITIONS = (
					"DEBUG=1",
					"$(inherited)",
				);
				GCC_WARN_64_TO_32_BIT_CONVERSION = YES;
				GCC_WARN_ABOUT_RETURN_TYPE = YES_ERROR;
				GCC_WARN_UNDECLARED_SELECTOR = YES;
				GCC_WARN_UNINITIALIZED_AUTOS = YES_AGGRESSIVE;
				GCC_WARN_UNUSED_FUNCTION = YES;
				GCC_WARN_UNUSED_VARIABLE = YES;
				IPHONEOS_DEPLOYMENT_TARGET = 15.4;
				MTL_ENABLE_DEBUG_INFO = INCLUDE_SOURCE;
				MTL_FAST_MATH = YES;
				ONLY_ACTIVE_ARCH = YES;
				SDKROOT = iphoneos;
				SWIFT_ACTIVE_COMPILATION_CONDITIONS = DEBUG;
				SWIFT_OPTIMIZATION_LEVEL = "-Onone";
			};
			name = Debug;
		};
		8FBD6EBA27EA9DE40029CB31 /* Release */ = {
			isa = XCBuildConfiguration;
			buildSettings = {
				ALWAYS_SEARCH_USER_PATHS = NO;
				CLANG_ANALYZER_NONNULL = YES;
				CLANG_ANALYZER_NUMBER_OBJECT_CONVERSION = YES_AGGRESSIVE;
				CLANG_CXX_LANGUAGE_STANDARD = "gnu++17";
				CLANG_ENABLE_MODULES = YES;
				CLANG_ENABLE_OBJC_ARC = YES;
				CLANG_ENABLE_OBJC_WEAK = YES;
				CLANG_WARN_BLOCK_CAPTURE_AUTORELEASING = YES;
				CLANG_WARN_BOOL_CONVERSION = YES;
				CLANG_WARN_COMMA = YES;
				CLANG_WARN_CONSTANT_CONVERSION = YES;
				CLANG_WARN_DEPRECATED_OBJC_IMPLEMENTATIONS = YES;
				CLANG_WARN_DIRECT_OBJC_ISA_USAGE = YES_ERROR;
				CLANG_WARN_DOCUMENTATION_COMMENTS = YES;
				CLANG_WARN_EMPTY_BODY = YES;
				CLANG_WARN_ENUM_CONVERSION = YES;
				CLANG_WARN_INFINITE_RECURSION = YES;
				CLANG_WARN_INT_CONVERSION = YES;
				CLANG_WARN_NON_LITERAL_NULL_CONVERSION = YES;
				CLANG_WARN_OBJC_IMPLICIT_RETAIN_SELF = YES;
				CLANG_WARN_OBJC_LITERAL_CONVERSION = YES;
				CLANG_WARN_OBJC_ROOT_CLASS = YES_ERROR;
				CLANG_WARN_QUOTED_INCLUDE_IN_FRAMEWORK_HEADER = YES;
				CLANG_WARN_RANGE_LOOP_ANALYSIS = YES;
				CLANG_WARN_STRICT_PROTOTYPES = YES;
				CLANG_WARN_SUSPICIOUS_MOVE = YES;
				CLANG_WARN_UNGUARDED_AVAILABILITY = YES_AGGRESSIVE;
				CLANG_WARN_UNREACHABLE_CODE = YES;
				CLANG_WARN__DUPLICATE_METHOD_MATCH = YES;
				COPY_PHASE_STRIP = NO;
				DEBUG_INFORMATION_FORMAT = "dwarf-with-dsym";
				ENABLE_NS_ASSERTIONS = NO;
				ENABLE_STRICT_OBJC_MSGSEND = YES;
				GCC_C_LANGUAGE_STANDARD = gnu11;
				GCC_NO_COMMON_BLOCKS = YES;
				GCC_WARN_64_TO_32_BIT_CONVERSION = YES;
				GCC_WARN_ABOUT_RETURN_TYPE = YES_ERROR;
				GCC_WARN_UNDECLARED_SELECTOR = YES;
				GCC_WARN_UNINITIALIZED_AUTOS = YES_AGGRESSIVE;
				GCC_WARN_UNUSED_FUNCTION = YES;
				GCC_WARN_UNUSED_VARIABLE = YES;
				IPHONEOS_DEPLOYMENT_TARGET = 15.4;
				MTL_ENABLE_DEBUG_INFO = NO;
				MTL_FAST_MATH = YES;
				SDKROOT = iphoneos;
				SWIFT_COMPILATION_MODE = wholemodule;
				SWIFT_OPTIMIZATION_LEVEL = "-O";
				VALIDATE_PRODUCT = YES;
			};
			name = Release;
		};
		8FBD6EBC27EA9DE40029CB31 /* Debug */ = {
			isa = XCBuildConfiguration;
			buildSettings = {
				ASSETCATALOG_COMPILER_APPICON_NAME = AppIcon;
				ASSETCATALOG_COMPILER_GLOBAL_ACCENT_COLOR_NAME = AccentColor;
				CODE_SIGN_STYLE = Automatic;
				CURRENT_PROJECT_VERSION = 1;
				DEVELOPMENT_TEAM = 9C8Q922KRV;
				GENERATE_INFOPLIST_FILE = YES;
				INFOPLIST_FILE = Application/Info.plist;
				INFOPLIST_KEY_UIApplicationSupportsIndirectInputEvents = YES;
				INFOPLIST_KEY_UILaunchStoryboardName = LaunchScreen;
				INFOPLIST_KEY_UISupportedInterfaceOrientations = UIInterfaceOrientationLandscapeLeft;
				INFOPLIST_KEY_UISupportedInterfaceOrientations_iPad = "UIInterfaceOrientationPortrait UIInterfaceOrientationPortraitUpsideDown UIInterfaceOrientationLandscapeLeft UIInterfaceOrientationLandscapeRight";
				INFOPLIST_KEY_UISupportedInterfaceOrientations_iPhone = "UIInterfaceOrientationPortrait UIInterfaceOrientationLandscapeLeft UIInterfaceOrientationLandscapeRight";
				IPHONEOS_DEPLOYMENT_TARGET = 13.0;
				LD_RUNPATH_SEARCH_PATHS = (
					"$(inherited)",
					"@executable_path/Frameworks",
				);
				MARKETING_VERSION = 1.0;
				PRODUCT_BUNDLE_IDENTIFIER = com.alison.whatsapp;
				PRODUCT_NAME = "$(TARGET_NAME)";
				SWIFT_EMIT_LOC_STRINGS = YES;
				SWIFT_VERSION = 5.0;
				TARGETED_DEVICE_FAMILY = 1;
			};
			name = Debug;
		};
		8FBD6EBD27EA9DE40029CB31 /* Release */ = {
			isa = XCBuildConfiguration;
			buildSettings = {
				ASSETCATALOG_COMPILER_APPICON_NAME = AppIcon;
				ASSETCATALOG_COMPILER_GLOBAL_ACCENT_COLOR_NAME = AccentColor;
				CODE_SIGN_STYLE = Automatic;
				CURRENT_PROJECT_VERSION = 1;
				DEVELOPMENT_TEAM = 9C8Q922KRV;
				GENERATE_INFOPLIST_FILE = YES;
				INFOPLIST_FILE = Application/Info.plist;
				INFOPLIST_KEY_UIApplicationSupportsIndirectInputEvents = YES;
				INFOPLIST_KEY_UILaunchStoryboardName = LaunchScreen;
				INFOPLIST_KEY_UISupportedInterfaceOrientations = UIInterfaceOrientationLandscapeLeft;
				INFOPLIST_KEY_UISupportedInterfaceOrientations_iPad = "UIInterfaceOrientationPortrait UIInterfaceOrientationPortraitUpsideDown UIInterfaceOrientationLandscapeLeft UIInterfaceOrientationLandscapeRight";
				INFOPLIST_KEY_UISupportedInterfaceOrientations_iPhone = "UIInterfaceOrientationPortrait UIInterfaceOrientationLandscapeLeft UIInterfaceOrientationLandscapeRight";
				IPHONEOS_DEPLOYMENT_TARGET = 13.0;
				LD_RUNPATH_SEARCH_PATHS = (
					"$(inherited)",
					"@executable_path/Frameworks",
				);
				MARKETING_VERSION = 1.0;
				PRODUCT_BUNDLE_IDENTIFIER = com.alison.whatsapp;
				PRODUCT_NAME = "$(TARGET_NAME)";
				SWIFT_EMIT_LOC_STRINGS = YES;
				SWIFT_VERSION = 5.0;
				TARGETED_DEVICE_FAMILY = 1;
			};
			name = Release;
		};
/* End XCBuildConfiguration section */

/* Begin XCConfigurationList section */
		8FBD6EA227EA9DE20029CB31 /* Build configuration list for PBXProject "WhatsappHomeScreen" */ = {
			isa = XCConfigurationList;
			buildConfigurations = (
				8FBD6EB927EA9DE40029CB31 /* Debug */,
				8FBD6EBA27EA9DE40029CB31 /* Release */,
			);
			defaultConfigurationIsVisible = 0;
			defaultConfigurationName = Release;
		};
		8FBD6EBB27EA9DE40029CB31 /* Build configuration list for PBXNativeTarget "WhatsappHomeScreen" */ = {
			isa = XCConfigurationList;
			buildConfigurations = (
				8FBD6EBC27EA9DE40029CB31 /* Debug */,
				8FBD6EBD27EA9DE40029CB31 /* Release */,
			);
			defaultConfigurationIsVisible = 0;
			defaultConfigurationName = Release;
		};
/* End XCConfigurationList section */

/* Begin XCRemoteSwiftPackageReference section */
		9F30CD7F27EE823700A90FF7 /* XCRemoteSwiftPackageReference "Alamofire" */ = {
			isa = XCRemoteSwiftPackageReference;
			repositoryURL = "https://github.com/Alamofire/Alamofire.git";
			requirement = {
				kind = upToNextMajorVersion;
				minimumVersion = 5.0.0;
			};
		};
		9F30CD8227EE99AD00A90FF7 /* XCRemoteSwiftPackageReference "Kingfisher" */ = {
			isa = XCRemoteSwiftPackageReference;
			repositoryURL = "https://github.com/onevcat/Kingfisher";
			requirement = {
				kind = upToNextMajorVersion;
				minimumVersion = 7.0.0;
			};
		};
/* End XCRemoteSwiftPackageReference section */

/* Begin XCSwiftPackageProductDependency section */
		9F30CD8027EE823700A90FF7 /* Alamofire */ = {
			isa = XCSwiftPackageProductDependency;
			package = 9F30CD7F27EE823700A90FF7 /* XCRemoteSwiftPackageReference "Alamofire" */;
			productName = Alamofire;
		};
		9F30CD8327EE99AD00A90FF7 /* Kingfisher */ = {
			isa = XCSwiftPackageProductDependency;
			package = 9F30CD8227EE99AD00A90FF7 /* XCRemoteSwiftPackageReference "Kingfisher" */;
			productName = Kingfisher;
		};
/* End XCSwiftPackageProductDependency section */
	};
	rootObject = 8FBD6E9F27EA9DE20029CB31 /* Project object */;
}
