// !$*UTF8*$!
{
	archiveVersion = 1;
	classes = {
	};
	objectVersion = 55;
	objects = {

/* Begin PBXBuildFile section */
		9F18BFCC27FBA0690022CC33 /* AppDelegate.swift in Sources */ = {isa = PBXBuildFile; fileRef = 9F18BFCB27FBA0690022CC33 /* AppDelegate.swift */; };
		9F18BFCE27FBA0690022CC33 /* SceneDelegate.swift in Sources */ = {isa = PBXBuildFile; fileRef = 9F18BFCD27FBA0690022CC33 /* SceneDelegate.swift */; };
		9F18BFD027FBA0690022CC33 /* HomeViewController.swift in Sources */ = {isa = PBXBuildFile; fileRef = 9F18BFCF27FBA0690022CC33 /* HomeViewController.swift */; };
		9F18BFD527FBA06A0022CC33 /* Assets.xcassets in Resources */ = {isa = PBXBuildFile; fileRef = 9F18BFD427FBA06A0022CC33 /* Assets.xcassets */; };
		9F18BFD827FBA06A0022CC33 /* LaunchScreen.storyboard in Resources */ = {isa = PBXBuildFile; fileRef = 9F18BFD627FBA06A0022CC33 /* LaunchScreen.storyboard */; };
		9F18BFE127FBA0EE0022CC33 /* Coordinator.swift in Sources */ = {isa = PBXBuildFile; fileRef = 9F18BFE027FBA0EE0022CC33 /* Coordinator.swift */; };
		9F18BFE327FBA1B80022CC33 /* AppCoordinator.swift in Sources */ = {isa = PBXBuildFile; fileRef = 9F18BFE227FBA1B80022CC33 /* AppCoordinator.swift */; };
		9F18BFE727FBA36E0022CC33 /* HomeCoordinator.swift in Sources */ = {isa = PBXBuildFile; fileRef = 9F18BFE627FBA36E0022CC33 /* HomeCoordinator.swift */; };
		9F18BFEB27FBA6C90022CC33 /* HomeViewModel.swift in Sources */ = {isa = PBXBuildFile; fileRef = 9F18BFEA27FBA6C90022CC33 /* HomeViewModel.swift */; };
		9F18BFEE27FBAA3B0022CC33 /* DetailsViewController.swift in Sources */ = {isa = PBXBuildFile; fileRef = 9F18BFED27FBAA3B0022CC33 /* DetailsViewController.swift */; };
		9F18BFF127FBAA7D0022CC33 /* DetailsViewModel.swift in Sources */ = {isa = PBXBuildFile; fileRef = 9F18BFF027FBAA7D0022CC33 /* DetailsViewModel.swift */; };
		9F18BFF327FBAAB90022CC33 /* DetailsCoordinator.swift in Sources */ = {isa = PBXBuildFile; fileRef = 9F18BFF227FBAAB90022CC33 /* DetailsCoordinator.swift */; };
/* End PBXBuildFile section */

/* Begin PBXFileReference section */
		9F18BFC827FBA0690022CC33 /* CoordinatorApp.app */ = {isa = PBXFileReference; explicitFileType = wrapper.application; includeInIndex = 0; path = CoordinatorApp.app; sourceTree = BUILT_PRODUCTS_DIR; };
		9F18BFCB27FBA0690022CC33 /* AppDelegate.swift */ = {isa = PBXFileReference; lastKnownFileType = sourcecode.swift; path = AppDelegate.swift; sourceTree = "<group>"; };
		9F18BFCD27FBA0690022CC33 /* SceneDelegate.swift */ = {isa = PBXFileReference; lastKnownFileType = sourcecode.swift; path = SceneDelegate.swift; sourceTree = "<group>"; };
		9F18BFCF27FBA0690022CC33 /* HomeViewController.swift */ = {isa = PBXFileReference; lastKnownFileType = sourcecode.swift; path = HomeViewController.swift; sourceTree = "<group>"; };
		9F18BFD427FBA06A0022CC33 /* Assets.xcassets */ = {isa = PBXFileReference; lastKnownFileType = folder.assetcatalog; path = Assets.xcassets; sourceTree = "<group>"; };
		9F18BFD727FBA06A0022CC33 /* Base */ = {isa = PBXFileReference; lastKnownFileType = file.storyboard; name = Base; path = Base.lproj/LaunchScreen.storyboard; sourceTree = "<group>"; };
		9F18BFD927FBA06A0022CC33 /* Info.plist */ = {isa = PBXFileReference; lastKnownFileType = text.plist.xml; path = Info.plist; sourceTree = "<group>"; };
		9F18BFE027FBA0EE0022CC33 /* Coordinator.swift */ = {isa = PBXFileReference; lastKnownFileType = sourcecode.swift; path = Coordinator.swift; sourceTree = "<group>"; };
		9F18BFE227FBA1B80022CC33 /* AppCoordinator.swift */ = {isa = PBXFileReference; lastKnownFileType = sourcecode.swift; path = AppCoordinator.swift; sourceTree = "<group>"; };
		9F18BFE627FBA36E0022CC33 /* HomeCoordinator.swift */ = {isa = PBXFileReference; lastKnownFileType = sourcecode.swift; path = HomeCoordinator.swift; sourceTree = "<group>"; };
		9F18BFEA27FBA6C90022CC33 /* HomeViewModel.swift */ = {isa = PBXFileReference; lastKnownFileType = sourcecode.swift; path = HomeViewModel.swift; sourceTree = "<group>"; };
		9F18BFED27FBAA3B0022CC33 /* DetailsViewController.swift */ = {isa = PBXFileReference; lastKnownFileType = sourcecode.swift; path = DetailsViewController.swift; sourceTree = "<group>"; };
		9F18BFF027FBAA7D0022CC33 /* DetailsViewModel.swift */ = {isa = PBXFileReference; lastKnownFileType = sourcecode.swift; path = DetailsViewModel.swift; sourceTree = "<group>"; };
		9F18BFF227FBAAB90022CC33 /* DetailsCoordinator.swift */ = {isa = PBXFileReference; lastKnownFileType = sourcecode.swift; path = DetailsCoordinator.swift; sourceTree = "<group>"; };
/* End PBXFileReference section */

/* Begin PBXFrameworksBuildPhase section */
		9F18BFC527FBA0690022CC33 /* Frameworks */ = {
			isa = PBXFrameworksBuildPhase;
			buildActionMask = 2147483647;
			files = (
			);
			runOnlyForDeploymentPostprocessing = 0;
		};
/* End PBXFrameworksBuildPhase section */

/* Begin PBXGroup section */
		9F18BFBF27FBA0690022CC33 = {
			isa = PBXGroup;
			children = (
				9F18BFCA27FBA0690022CC33 /* CoordinatorApp */,
				9F18BFC927FBA0690022CC33 /* Products */,
			);
			sourceTree = "<group>";
		};
		9F18BFC927FBA0690022CC33 /* Products */ = {
			isa = PBXGroup;
			children = (
				9F18BFC827FBA0690022CC33 /* CoordinatorApp.app */,
			);
			name = Products;
			sourceTree = "<group>";
		};
		9F18BFCA27FBA0690022CC33 /* CoordinatorApp */ = {
			isa = PBXGroup;
			children = (
				9F18BFE827FBA6AF0022CC33 /* ViewModel */,
				9F18BFE427FBA3530022CC33 /* Scenes */,
				9F18BFDF27FBA0DB0022CC33 /* Coordinator */,
				9F18BFCB27FBA0690022CC33 /* AppDelegate.swift */,
				9F18BFCD27FBA0690022CC33 /* SceneDelegate.swift */,
				9F18BFD427FBA06A0022CC33 /* Assets.xcassets */,
				9F18BFD627FBA06A0022CC33 /* LaunchScreen.storyboard */,
				9F18BFD927FBA06A0022CC33 /* Info.plist */,
			);
			path = CoordinatorApp;
			sourceTree = "<group>";
		};
		9F18BFDF27FBA0DB0022CC33 /* Coordinator */ = {
			isa = PBXGroup;
			children = (
				9F18BFE027FBA0EE0022CC33 /* Coordinator.swift */,
				9F18BFE227FBA1B80022CC33 /* AppCoordinator.swift */,
			);
			path = Coordinator;
			sourceTree = "<group>";
		};
		9F18BFE427FBA3530022CC33 /* Scenes */ = {
			isa = PBXGroup;
			children = (
				9F18BFEC27FBAA2F0022CC33 /* Details */,
				9F18BFE527FBA3590022CC33 /* Home */,
			);
			path = Scenes;
			sourceTree = "<group>";
		};
		9F18BFE527FBA3590022CC33 /* Home */ = {
			isa = PBXGroup;
			children = (
				9F18BFCF27FBA0690022CC33 /* HomeViewController.swift */,
				9F18BFE627FBA36E0022CC33 /* HomeCoordinator.swift */,
			);
			path = Home;
			sourceTree = "<group>";
		};
		9F18BFE827FBA6AF0022CC33 /* ViewModel */ = {
			isa = PBXGroup;
			children = (
				9F18BFEF27FBAA6C0022CC33 /* Details */,
				9F18BFE927FBA6B80022CC33 /* Home */,
			);
			path = ViewModel;
			sourceTree = "<group>";
		};
		9F18BFE927FBA6B80022CC33 /* Home */ = {
			isa = PBXGroup;
			children = (
				9F18BFEA27FBA6C90022CC33 /* HomeViewModel.swift */,
			);
			path = Home;
			sourceTree = "<group>";
		};
		9F18BFEC27FBAA2F0022CC33 /* Details */ = {
			isa = PBXGroup;
			children = (
				9F18BFED27FBAA3B0022CC33 /* DetailsViewController.swift */,
				9F18BFF227FBAAB90022CC33 /* DetailsCoordinator.swift */,
			);
			path = Details;
			sourceTree = "<group>";
		};
		9F18BFEF27FBAA6C0022CC33 /* Details */ = {
			isa = PBXGroup;
			children = (
				9F18BFF027FBAA7D0022CC33 /* DetailsViewModel.swift */,
			);
			path = Details;
			sourceTree = "<group>";
		};
/* End PBXGroup section */

/* Begin PBXNativeTarget section */
		9F18BFC727FBA0690022CC33 /* CoordinatorApp */ = {
			isa = PBXNativeTarget;
			buildConfigurationList = 9F18BFDC27FBA06A0022CC33 /* Build configuration list for PBXNativeTarget "CoordinatorApp" */;
			buildPhases = (
				9F18BFC427FBA0690022CC33 /* Sources */,
				9F18BFC527FBA0690022CC33 /* Frameworks */,
				9F18BFC627FBA0690022CC33 /* Resources */,
			);
			buildRules = (
			);
			dependencies = (
			);
			name = CoordinatorApp;
			productName = CoordinatorApp;
			productReference = 9F18BFC827FBA0690022CC33 /* CoordinatorApp.app */;
			productType = "com.apple.product-type.application";
		};
/* End PBXNativeTarget section */

/* Begin PBXProject section */
		9F18BFC027FBA0690022CC33 /* Project object */ = {
			isa = PBXProject;
			attributes = {
				BuildIndependentTargetsInParallel = 1;
				LastSwiftUpdateCheck = 1320;
				LastUpgradeCheck = 1320;
				TargetAttributes = {
					9F18BFC727FBA0690022CC33 = {
						CreatedOnToolsVersion = 13.2.1;
					};
				};
			};
			buildConfigurationList = 9F18BFC327FBA0690022CC33 /* Build configuration list for PBXProject "CoordinatorApp" */;
			compatibilityVersion = "Xcode 13.0";
			developmentRegion = en;
			hasScannedForEncodings = 0;
			knownRegions = (
				en,
				Base,
			);
			mainGroup = 9F18BFBF27FBA0690022CC33;
			productRefGroup = 9F18BFC927FBA0690022CC33 /* Products */;
			projectDirPath = "";
			projectRoot = "";
			targets = (
				9F18BFC727FBA0690022CC33 /* CoordinatorApp */,
			);
		};
/* End PBXProject section */

/* Begin PBXResourcesBuildPhase section */
		9F18BFC627FBA0690022CC33 /* Resources */ = {
			isa = PBXResourcesBuildPhase;
			buildActionMask = 2147483647;
			files = (
				9F18BFD827FBA06A0022CC33 /* LaunchScreen.storyboard in Resources */,
				9F18BFD527FBA06A0022CC33 /* Assets.xcassets in Resources */,
			);
			runOnlyForDeploymentPostprocessing = 0;
		};
/* End PBXResourcesBuildPhase section */

/* Begin PBXSourcesBuildPhase section */
		9F18BFC427FBA0690022CC33 /* Sources */ = {
			isa = PBXSourcesBuildPhase;
			buildActionMask = 2147483647;
			files = (
				9F18BFE127FBA0EE0022CC33 /* Coordinator.swift in Sources */,
				9F18BFD027FBA0690022CC33 /* HomeViewController.swift in Sources */,
				9F18BFEB27FBA6C90022CC33 /* HomeViewModel.swift in Sources */,
				9F18BFEE27FBAA3B0022CC33 /* DetailsViewController.swift in Sources */,
				9F18BFE327FBA1B80022CC33 /* AppCoordinator.swift in Sources */,
				9F18BFCC27FBA0690022CC33 /* AppDelegate.swift in Sources */,
				9F18BFCE27FBA0690022CC33 /* SceneDelegate.swift in Sources */,
				9F18BFE727FBA36E0022CC33 /* HomeCoordinator.swift in Sources */,
				9F18BFF127FBAA7D0022CC33 /* DetailsViewModel.swift in Sources */,
				9F18BFF327FBAAB90022CC33 /* DetailsCoordinator.swift in Sources */,
			);
			runOnlyForDeploymentPostprocessing = 0;
		};
/* End PBXSourcesBuildPhase section */

/* Begin PBXVariantGroup section */
		9F18BFD627FBA06A0022CC33 /* LaunchScreen.storyboard */ = {
			isa = PBXVariantGroup;
			children = (
				9F18BFD727FBA06A0022CC33 /* Base */,
			);
			name = LaunchScreen.storyboard;
			sourceTree = "<group>";
		};
/* End PBXVariantGroup section */

/* Begin XCBuildConfiguration section */
		9F18BFDA27FBA06A0022CC33 /* Debug */ = {
			isa = XCBuildConfiguration;
			buildSettings = {
				ALWAYS_SEARCH_USER_PATHS = NO;
				CLANG_ANALYZER_NONNULL = YES;
				CLANG_ANALYZER_NUMBER_OBJECT_CONVERSION = YES_AGGRESSIVE;
				CLANG_CXX_LANGUAGE_STANDARD = "gnu++17";
				CLANG_CXX_LIBRARY = "libc++";
				CLANG_ENABLE_MODULES = YES;
				CLANG_ENABLE_OBJC_ARC = YES;
				CLANG_ENABLE_OBJC_WEAK = YES;
				CLANG_WARN_BLOCK_CAPTURE_AUTORELEASING = YES;
				CLANG_WARN_BOOL_CONVERSION = YES;
				CLANG_WARN_COMMA = YES;
				CLANG_WARN_CONSTANT_CONVERSION = YES;
				CLANG_WARN_DEPRECATED_OBJC_IMPLEMENTATIONS = YES;
				CLANG_WARN_DIRECT_OBJC_ISA_USAGE = YES_ERROR;
				CLANG_WARN_DOCUMENTATION_COMMENTS = YES;
				CLANG_WARN_EMPTY_BODY = YES;
				CLANG_WARN_ENUM_CONVERSION = YES;
				CLANG_WARN_INFINITE_RECURSION = YES;
				CLANG_WARN_INT_CONVERSION = YES;
				CLANG_WARN_NON_LITERAL_NULL_CONVERSION = YES;
				CLANG_WARN_OBJC_IMPLICIT_RETAIN_SELF = YES;
				CLANG_WARN_OBJC_LITERAL_CONVERSION = YES;
				CLANG_WARN_OBJC_ROOT_CLASS = YES_ERROR;
				CLANG_WARN_QUOTED_INCLUDE_IN_FRAMEWORK_HEADER = YES;
				CLANG_WARN_RANGE_LOOP_ANALYSIS = YES;
				CLANG_WARN_STRICT_PROTOTYPES = YES;
				CLANG_WARN_SUSPICIOUS_MOVE = YES;
				CLANG_WARN_UNGUARDED_AVAILABILITY = YES_AGGRESSIVE;
				CLANG_WARN_UNREACHABLE_CODE = YES;
				CLANG_WARN__DUPLICATE_METHOD_MATCH = YES;
				COPY_PHASE_STRIP = NO;
				DEBUG_INFORMATION_FORMAT = dwarf;
				ENABLE_STRICT_OBJC_MSGSEND = YES;
				ENABLE_TESTABILITY = YES;
				GCC_C_LANGUAGE_STANDARD = gnu11;
				GCC_DYNAMIC_NO_PIC = NO;
				GCC_NO_COMMON_BLOCKS = YES;
				GCC_OPTIMIZATION_LEVEL = 0;
				GCC_PREPROCESSOR_DEFINITIONS = (
					"DEBUG=1",
					"$(inherited)",
				);
				GCC_WARN_64_TO_32_BIT_CONVERSION = YES;
				GCC_WARN_ABOUT_RETURN_TYPE = YES_ERROR;
				GCC_WARN_UNDECLARED_SELECTOR = YES;
				GCC_WARN_UNINITIALIZED_AUTOS = YES_AGGRESSIVE;
				GCC_WARN_UNUSED_FUNCTION = YES;
				GCC_WARN_UNUSED_VARIABLE = YES;
				IPHONEOS_DEPLOYMENT_TARGET = 15.2;
				MTL_ENABLE_DEBUG_INFO = INCLUDE_SOURCE;
				MTL_FAST_MATH = YES;
				ONLY_ACTIVE_ARCH = YES;
				SDKROOT = iphoneos;
				SWIFT_ACTIVE_COMPILATION_CONDITIONS = DEBUG;
				SWIFT_OPTIMIZATION_LEVEL = "-Onone";
			};
			name = Debug;
		};
		9F18BFDB27FBA06A0022CC33 /* Release */ = {
			isa = XCBuildConfiguration;
			buildSettings = {
				ALWAYS_SEARCH_USER_PATHS = NO;
				CLANG_ANALYZER_NONNULL = YES;
				CLANG_ANALYZER_NUMBER_OBJECT_CONVERSION = YES_AGGRESSIVE;
				CLANG_CXX_LANGUAGE_STANDARD = "gnu++17";
				CLANG_CXX_LIBRARY = "libc++";
				CLANG_ENABLE_MODULES = YES;
				CLANG_ENABLE_OBJC_ARC = YES;
				CLANG_ENABLE_OBJC_WEAK = YES;
				CLANG_WARN_BLOCK_CAPTURE_AUTORELEASING = YES;
				CLANG_WARN_BOOL_CONVERSION = YES;
				CLANG_WARN_COMMA = YES;
				CLANG_WARN_CONSTANT_CONVERSION = YES;
				CLANG_WARN_DEPRECATED_OBJC_IMPLEMENTATIONS = YES;
				CLANG_WARN_DIRECT_OBJC_ISA_USAGE = YES_ERROR;
				CLANG_WARN_DOCUMENTATION_COMMENTS = YES;
				CLANG_WARN_EMPTY_BODY = YES;
				CLANG_WARN_ENUM_CONVERSION = YES;
				CLANG_WARN_INFINITE_RECURSION = YES;
				CLANG_WARN_INT_CONVERSION = YES;
				CLANG_WARN_NON_LITERAL_NULL_CONVERSION = YES;
				CLANG_WARN_OBJC_IMPLICIT_RETAIN_SELF = YES;
				CLANG_WARN_OBJC_LITERAL_CONVERSION = YES;
				CLANG_WARN_OBJC_ROOT_CLASS = YES_ERROR;
				CLANG_WARN_QUOTED_INCLUDE_IN_FRAMEWORK_HEADER = YES;
				CLANG_WARN_RANGE_LOOP_ANALYSIS = YES;
				CLANG_WARN_STRICT_PROTOTYPES = YES;
				CLANG_WARN_SUSPICIOUS_MOVE = YES;
				CLANG_WARN_UNGUARDED_AVAILABILITY = YES_AGGRESSIVE;
				CLANG_WARN_UNREACHABLE_CODE = YES;
				CLANG_WARN__DUPLICATE_METHOD_MATCH = YES;
				COPY_PHASE_STRIP = NO;
				DEBUG_INFORMATION_FORMAT = "dwarf-with-dsym";
				ENABLE_NS_ASSERTIONS = NO;
				ENABLE_STRICT_OBJC_MSGSEND = YES;
				GCC_C_LANGUAGE_STANDARD = gnu11;
				GCC_NO_COMMON_BLOCKS = YES;
				GCC_WARN_64_TO_32_BIT_CONVERSION = YES;
				GCC_WARN_ABOUT_RETURN_TYPE = YES_ERROR;
				GCC_WARN_UNDECLARED_SELECTOR = YES;
				GCC_WARN_UNINITIALIZED_AUTOS = YES_AGGRESSIVE;
				GCC_WARN_UNUSED_FUNCTION = YES;
				GCC_WARN_UNUSED_VARIABLE = YES;
				IPHONEOS_DEPLOYMENT_TARGET = 15.2;
				MTL_ENABLE_DEBUG_INFO = NO;
				MTL_FAST_MATH = YES;
				SDKROOT = iphoneos;
				SWIFT_COMPILATION_MODE = wholemodule;
				SWIFT_OPTIMIZATION_LEVEL = "-O";
				VALIDATE_PRODUCT = YES;
			};
			name = Release;
		};
		9F18BFDD27FBA06A0022CC33 /* Debug */ = {
			isa = XCBuildConfiguration;
			buildSettings = {
				ASSETCATALOG_COMPILER_APPICON_NAME = AppIcon;
				ASSETCATALOG_COMPILER_GLOBAL_ACCENT_COLOR_NAME = AccentColor;
				CODE_SIGN_STYLE = Automatic;
				CURRENT_PROJECT_VERSION = 1;
				DEVELOPMENT_TEAM = 9C8Q922KRV;
				GENERATE_INFOPLIST_FILE = YES;
				INFOPLIST_FILE = CoordinatorApp/Info.plist;
				INFOPLIST_KEY_UIApplicationSupportsIndirectInputEvents = YES;
				INFOPLIST_KEY_UILaunchStoryboardName = LaunchScreen;
				INFOPLIST_KEY_UISupportedInterfaceOrientations_iPad = "UIInterfaceOrientationPortrait UIInterfaceOrientationPortraitUpsideDown UIInterfaceOrientationLandscapeLeft UIInterfaceOrientationLandscapeRight";
				INFOPLIST_KEY_UISupportedInterfaceOrientations_iPhone = "UIInterfaceOrientationPortrait UIInterfaceOrientationLandscapeLeft UIInterfaceOrientationLandscapeRight";
				IPHONEOS_DEPLOYMENT_TARGET = 13.0;
				LD_RUNPATH_SEARCH_PATHS = (
					"$(inherited)",
					"@executable_path/Frameworks",
				);
				MARKETING_VERSION = 1.0;
				PRODUCT_BUNDLE_IDENTIFIER = com.alison.CoordinatorApp;
				PRODUCT_NAME = "$(TARGET_NAME)";
				SWIFT_EMIT_LOC_STRINGS = YES;
				SWIFT_VERSION = 5.0;
				TARGETED_DEVICE_FAMILY = 1;
			};
			name = Debug;
		};
		9F18BFDE27FBA06A0022CC33 /* Release */ = {
			isa = XCBuildConfiguration;
			buildSettings = {
				ASSETCATALOG_COMPILER_APPICON_NAME = AppIcon;
				ASSETCATALOG_COMPILER_GLOBAL_ACCENT_COLOR_NAME = AccentColor;
				CODE_SIGN_STYLE = Automatic;
				CURRENT_PROJECT_VERSION = 1;
				DEVELOPMENT_TEAM = 9C8Q922KRV;
				GENERATE_INFOPLIST_FILE = YES;
				INFOPLIST_FILE = CoordinatorApp/Info.plist;
				INFOPLIST_KEY_UIApplicationSupportsIndirectInputEvents = YES;
				INFOPLIST_KEY_UILaunchStoryboardName = LaunchScreen;
				INFOPLIST_KEY_UISupportedInterfaceOrientations_iPad = "UIInterfaceOrientationPortrait UIInterfaceOrientationPortraitUpsideDown UIInterfaceOrientationLandscapeLeft UIInterfaceOrientationLandscapeRight";
				INFOPLIST_KEY_UISupportedInterfaceOrientations_iPhone = "UIInterfaceOrientationPortrait UIInterfaceOrientationLandscapeLeft UIInterfaceOrientationLandscapeRight";
				IPHONEOS_DEPLOYMENT_TARGET = 13.0;
				LD_RUNPATH_SEARCH_PATHS = (
					"$(inherited)",
					"@executable_path/Frameworks",
				);
				MARKETING_VERSION = 1.0;
				PRODUCT_BUNDLE_IDENTIFIER = com.alison.CoordinatorApp;
				PRODUCT_NAME = "$(TARGET_NAME)";
				SWIFT_EMIT_LOC_STRINGS = YES;
				SWIFT_VERSION = 5.0;
				TARGETED_DEVICE_FAMILY = 1;
			};
			name = Release;
		};
/* End XCBuildConfiguration section */

/* Begin XCConfigurationList section */
		9F18BFC327FBA0690022CC33 /* Build configuration list for PBXProject "CoordinatorApp" */ = {
			isa = XCConfigurationList;
			buildConfigurations = (
				9F18BFDA27FBA06A0022CC33 /* Debug */,
				9F18BFDB27FBA06A0022CC33 /* Release */,
			);
			defaultConfigurationIsVisible = 0;
			defaultConfigurationName = Release;
		};
		9F18BFDC27FBA06A0022CC33 /* Build configuration list for PBXNativeTarget "CoordinatorApp" */ = {
			isa = XCConfigurationList;
			buildConfigurations = (
				9F18BFDD27FBA06A0022CC33 /* Debug */,
				9F18BFDE27FBA06A0022CC33 /* Release */,
			);
			defaultConfigurationIsVisible = 0;
			defaultConfigurationName = Release;
		};
/* End XCConfigurationList section */
	};
	rootObject = 9F18BFC027FBA0690022CC33 /* Project object */;
}
